
Microsoft Visual Studio Solution File, Format Version 12.00
# Visual Studio Version 17
VisualStudioVersion = 17.4.33103.184
MinimumVisualStudioVersion = 10.0.40219.1
Project("{FAE04EC0-301F-11D3-BF4B-00C04F79EFBC}") = "TaskWebApi", "TaskWebApi\TaskWebApi.csproj", "{A7B098F9-DA6E-475E-A7D0-5018E3A5680E}"
EndProject
Global
	GlobalSection(SolutionConfigurationPlatforms) = preSolution
		Debug|Any CPU = Debug|Any CPU
		Release|Any CPU = Release|Any CPU
	EndGlobalSection
	GlobalSection(ProjectConfigurationPlatforms) = postSolution
		{A7B098F9-DA6E-475E-A7D0-5018E3A5680E}.Debug|Any CPU.ActiveCfg = Debug|Any CPU
		{A7B098F9-DA6E-475E-A7D0-5018E3A5680E}.Debug|Any CPU.Build.0 = Debug|Any CPU
		{A7B098F9-DA6E-475E-A7D0-5018E3A5680E}.Release|Any CPU.ActiveCfg = Release|Any CPU
		{A7B098F9-DA6E-475E-A7D0-5018E3A5680E}.Release|Any CPU.Build.0 = Release|Any CPU
	EndGlobalSection
	GlobalSection(SolutionProperties) = preSolution
		HideSolutionNode = FALSE
	EndGlobalSection
	GlobalSection(ExtensibilityGlobals) = postSolution
		SolutionGuid = {79179410-5DF4-4752-A021-8166CF086970}
	EndGlobalSection
EndGlobal
